<?xml version="1.0" encoding="utf-8"?>
<Project ToolsVersion="4.0" xmlns="http://schemas.microsoft.com/developer/msbuild/2003">
  <ItemGroup>
    <Filter Include="Source Files">
      <UniqueIdentifier>{4FC737F1-C7A5-4376-A066-2A32D752A2FF}</UniqueIdentifier>
      <Extensions>cpp;c;cc;cxx;c++;cppm;ixx;def;odl;idl;hpj;bat;asm;asmx</Extensions>
    </Filter>
    <Filter Include="Header Files">
      <UniqueIdentifier>{93995380-89BD-4b04-88EB-625FBE52EBFB}</UniqueIdentifier>
      <Extensions>h;hh;hpp;hxx;h++;hm;inl;inc;ipp;xsd</Extensions>
    </Filter>
    <Filter Include="Resource Files">
      <UniqueIdentifier>{67DA6AB6-F800-4c08-8B7A-83BB121AAD01}</UniqueIdentifier>
      <Extensions>rc;ico;cur;bmp;dlg;rc2;rct;bin;rgs;gif;jpg;jpeg;jpe;resx;tiff;tif;png;wav;mfcribbon-ms</Extensions>
    </Filter>
    <Filter Include="Source Files\Platform">
      <UniqueIdentifier>{119568a5-bdb3-4831-ad60-4478fe7dbfaf}</UniqueIdentifier>
    </Filter>
    <Filter Include="Header Files\Constants">
      <UniqueIdentifier>{24c4787a-2def-452a-874c-d95519781310}</UniqueIdentifier>
    </Filter>
    <Filter Include="Header Files\GBA">
      <UniqueIdentifier>{2f62f47a-5289-4adb-bc41-0b9645016a38}</UniqueIdentifier>
    </Filter>
    <Filter Include="Header Files\Platform">
      <UniqueIdentifier>{9ca75098-a4cb-4672-9c38-943248aefaca}</UniqueIdentifier>
    </Filter>
    <Filter Include="Source Files\Data">
      <UniqueIdentifier>{9d373671-af5f-4af8-801a-286cebb93a3d}</UniqueIdentifier>
    </Filter>
    <Filter Include="GFLib">
      <UniqueIdentifier>{d3dea22a-8066-49b0-8b74-892c8624a334}</UniqueIdentifier>
    </Filter>
  </ItemGroup>
  <ItemGroup>
    <ClCompile Include="..\src\platform\bios.c">
      <Filter>Source Files\Platform</Filter>
    </ClCompile>
    <ClCompile Include="..\src\platform\cgb_audio.c">
      <Filter>Source Files\Platform</Filter>
    </ClCompile>
    <ClCompile Include="..\src\platform\dma.c">
      <Filter>Source Files\Platform</Filter>
    </ClCompile>
    <ClCompile Include="..\src\platform\gba_easy_draw.c">
      <Filter>Source Files\Platform</Filter>
    </ClCompile>
    <ClCompile Include="..\src\platform\gba_fast_draw.c">
      <Filter>Source Files\Platform</Filter>
    </ClCompile>
    <ClCompile Include="..\src\platform\sdl2.c">
      <Filter>Source Files\Platform</Filter>
    </ClCompile>
    <ClCompile Include="..\src\platform\win32.c">
      <Filter>Source Files\Platform</Filter>
    </ClCompile>
    <ClCompile Include="..\src\agb_flash.c">
      <Filter>Source Files</Filter>
    </ClCompile>
    <ClCompile Include="..\src\agb_flash_1m.c">
      <Filter>Source Files</Filter>
    </ClCompile>
    <ClCompile Include="..\src\agb_flash_dummy.c">
      <Filter>Source Files</Filter>
    </ClCompile>
    <ClCompile Include="..\src\agb_flash_le.c">
      <Filter>Source Files</Filter>
    </ClCompile>
    <ClCompile Include="..\src\agb_flash_mx.c">
      <Filter>Source Files</Filter>
    </ClCompile>
    <ClCompile Include="..\src\AgbRfu_LinkManager.c">
      <Filter>Source Files</Filter>
    </ClCompile>
    <ClCompile Include="..\src\anim_mon_front_pics.c">
      <Filter>Source Files</Filter>
    </ClCompile>
    <ClCompile Include="..\src\apprentice.c">
      <Filter>Source Files</Filter>
    </ClCompile>
    <ClCompile Include="..\src\bard_music.c">
      <Filter>Source Files</Filter>
    </ClCompile>
    <ClCompile Include="..\src\battle_ai_script_commands.c">
      <Filter>Source Files</Filter>
    </ClCompile>
    <ClCompile Include="..\src\battle_ai_switch_items.c">
      <Filter>Source Files</Filter>
    </ClCompile>
    <ClCompile Include="..\src\battle_anim.c">
      <Filter>Source Files</Filter>
    </ClCompile>
    <ClCompile Include="..\src\battle_anim_bug.c">
      <Filter>Source Files</Filter>
    </ClCompile>
    <ClCompile Include="..\src\battle_anim_dark.c">
      <Filter>Source Files</Filter>
    </ClCompile>
    <ClCompile Include="..\src\battle_anim_dragon.c">
      <Filter>Source Files</Filter>
    </ClCompile>
    <ClCompile Include="..\src\battle_anim_effects_1.c">
      <Filter>Source Files</Filter>
    </ClCompile>
    <ClCompile Include="..\src\battle_anim_effects_2.c">
      <Filter>Source Files</Filter>
    </ClCompile>
    <ClCompile Include="..\src\battle_anim_effects_3.c">
      <Filter>Source Files</Filter>
    </ClCompile>
    <ClCompile Include="..\src\battle_anim_electric.c">
      <Filter>Source Files</Filter>
    </ClCompile>
    <ClCompile Include="..\src\battle_anim_fight.c">
      <Filter>Source Files</Filter>
    </ClCompile>
    <ClCompile Include="..\src\battle_anim_fire.c">
      <Filter>Source Files</Filter>
    </ClCompile>
    <ClCompile Include="..\src\battle_anim_flying.c">
      <Filter>Source Files</Filter>
    </ClCompile>
    <ClCompile Include="..\src\battle_anim_ghost.c">
      <Filter>Source Files</Filter>
    </ClCompile>
    <ClCompile Include="..\src\battle_anim_ground.c">
      <Filter>Source Files</Filter>
    </ClCompile>
    <ClCompile Include="..\src\battle_anim_ice.c">
      <Filter>Source Files</Filter>
    </ClCompile>
    <ClCompile Include="..\src\battle_anim_mon_movement.c">
      <Filter>Source Files</Filter>
    </ClCompile>
    <ClCompile Include="..\src\battle_anim_mons.c">
      <Filter>Source Files</Filter>
    </ClCompile>
    <ClCompile Include="..\src\battle_anim_normal.c">
      <Filter>Source Files</Filter>
    </ClCompile>
    <ClCompile Include="..\src\battle_anim_poison.c">
      <Filter>Source Files</Filter>
    </ClCompile>
    <ClCompile Include="..\src\battle_anim_psychic.c">
      <Filter>Source Files</Filter>
    </ClCompile>
    <ClCompile Include="..\src\battle_anim_rock.c">
      <Filter>Source Files</Filter>
    </ClCompile>
    <ClCompile Include="..\src\battle_anim_smokescreen.c">
      <Filter>Source Files</Filter>
    </ClCompile>
    <ClCompile Include="..\src\battle_anim_sound_tasks.c">
      <Filter>Source Files</Filter>
    </ClCompile>
    <ClCompile Include="..\src\battle_anim_status_effects.c">
      <Filter>Source Files</Filter>
    </ClCompile>
    <ClCompile Include="..\src\battle_anim_throw.c">
      <Filter>Source Files</Filter>
    </ClCompile>
    <ClCompile Include="..\src\battle_anim_utility_funcs.c">
      <Filter>Source Files</Filter>
    </ClCompile>
    <ClCompile Include="..\src\battle_anim_water.c">
      <Filter>Source Files</Filter>
    </ClCompile>
    <ClCompile Include="..\src\battle_arena.c">
      <Filter>Source Files</Filter>
    </ClCompile>
    <ClCompile Include="..\src\battle_bg.c">
      <Filter>Source Files</Filter>
    </ClCompile>
    <ClCompile Include="..\src\battle_controller_link_opponent.c">
      <Filter>Source Files</Filter>
    </ClCompile>
    <ClCompile Include="..\src\battle_controller_link_partner.c">
      <Filter>Source Files</Filter>
    </ClCompile>
    <ClCompile Include="..\src\battle_controller_opponent.c">
      <Filter>Source Files</Filter>
    </ClCompile>
    <ClCompile Include="..\src\battle_controller_player.c">
      <Filter>Source Files</Filter>
    </ClCompile>
    <ClCompile Include="..\src\battle_controller_player_partner.c">
      <Filter>Source Files</Filter>
    </ClCompile>
    <ClCompile Include="..\src\battle_controller_recorded_opponent.c">
      <Filter>Source Files</Filter>
    </ClCompile>
    <ClCompile Include="..\src\battle_controller_recorded_player.c">
      <Filter>Source Files</Filter>
    </ClCompile>
    <ClCompile Include="..\src\battle_controller_safari.c">
      <Filter>Source Files</Filter>
    </ClCompile>
    <ClCompile Include="..\src\battle_controller_wally.c">
      <Filter>Source Files</Filter>
    </ClCompile>
    <ClCompile Include="..\src\battle_controllers.c">
      <Filter>Source Files</Filter>
    </ClCompile>
    <ClCompile Include="..\src\battle_dome.c">
      <Filter>Source Files</Filter>
    </ClCompile>
    <ClCompile Include="..\src\battle_factory.c">
      <Filter>Source Files</Filter>
    </ClCompile>
    <ClCompile Include="..\src\battle_factory_screen.c">
      <Filter>Source Files</Filter>
    </ClCompile>
    <ClCompile Include="..\src\battle_gfx_sfx_util.c">
      <Filter>Source Files</Filter>
    </ClCompile>
    <ClCompile Include="..\src\battle_interface.c">
      <Filter>Source Files</Filter>
    </ClCompile>
    <ClCompile Include="..\src\battle_intro.c">
      <Filter>Source Files</Filter>
    </ClCompile>
    <ClCompile Include="..\src\battle_main.c">
      <Filter>Source Files</Filter>
    </ClCompile>
    <ClCompile Include="..\src\battle_message.c">
      <Filter>Source Files</Filter>
    </ClCompile>
    <ClCompile Include="..\src\battle_palace.c">
      <Filter>Source Files</Filter>
    </ClCompile>
    <ClCompile Include="..\src\battle_pike.c">
      <Filter>Source Files</Filter>
    </ClCompile>
    <ClCompile Include="..\src\battle_pyramid.c">
      <Filter>Source Files</Filter>
    </ClCompile>
    <ClCompile Include="..\src\battle_pyramid_bag.c">
      <Filter>Source Files</Filter>
    </ClCompile>
    <ClCompile Include="..\src\battle_records.c">
      <Filter>Source Files</Filter>
    </ClCompile>
    <ClCompile Include="..\src\battle_script_commands.c">
      <Filter>Source Files</Filter>
    </ClCompile>
    <ClCompile Include="..\src\battle_setup.c">
      <Filter>Source Files</Filter>
    </ClCompile>
    <ClCompile Include="..\src\battle_tent.c">
      <Filter>Source Files</Filter>
    </ClCompile>
    <ClCompile Include="..\src\battle_tower.c">
      <Filter>Source Files</Filter>
    </ClCompile>
    <ClCompile Include="..\src\battle_transition.c">
      <Filter>Source Files</Filter>
    </ClCompile>
    <ClCompile Include="..\src\battle_transition_frontier.c">
      <Filter>Source Files</Filter>
    </ClCompile>
    <ClCompile Include="..\src\battle_tv.c">
      <Filter>Source Files</Filter>
    </ClCompile>
    <ClCompile Include="..\src\battle_util.c">
      <Filter>Source Files</Filter>
    </ClCompile>
    <ClCompile Include="..\src\battle_util2.c">
      <Filter>Source Files</Filter>
    </ClCompile>
    <ClCompile Include="..\src\berry.c">
      <Filter>Source Files</Filter>
    </ClCompile>
    <ClCompile Include="..\src\berry_blender.c">
      <Filter>Source Files</Filter>
    </ClCompile>
    <ClCompile Include="..\src\berry_crush.c">
      <Filter>Source Files</Filter>
    </ClCompile>
    <ClCompile Include="..\src\berry_fix_graphics.c">
      <Filter>Source Files</Filter>
    </ClCompile>
    <ClCompile Include="..\src\berry_fix_program.c">
      <Filter>Source Files</Filter>
    </ClCompile>
    <ClCompile Include="..\src\berry_powder.c">
      <Filter>Source Files</Filter>
    </ClCompile>
    <ClCompile Include="..\src\berry_tag_screen.c">
      <Filter>Source Files</Filter>
    </ClCompile>
    <ClCompile Include="..\src\bike.c">
      <Filter>Source Files</Filter>
    </ClCompile>
    <ClCompile Include="..\src\birch_pc.c">
      <Filter>Source Files</Filter>
    </ClCompile>
    <ClCompile Include="..\src\braille.c">
      <Filter>Source Files</Filter>
    </ClCompile>
    <ClCompile Include="..\src\braille_puzzles.c">
      <Filter>Source Files</Filter>
    </ClCompile>
    <ClCompile Include="..\src\cable_car.c">
      <Filter>Source Files</Filter>
    </ClCompile>
    <ClCompile Include="..\src\cable_club.c">
      <Filter>Source Files</Filter>
    </ClCompile>
    <ClCompile Include="..\src\clear_save_data_screen.c">
      <Filter>Source Files</Filter>
    </ClCompile>
    <ClCompile Include="..\src\clock.c">
      <Filter>Source Files</Filter>
    </ClCompile>
    <ClCompile Include="..\src\coins.c">
      <Filter>Source Files</Filter>
    </ClCompile>
    <ClCompile Include="..\src\confetti_util.c">
      <Filter>Source Files</Filter>
    </ClCompile>
    <ClCompile Include="..\src\contest.c">
      <Filter>Source Files</Filter>
    </ClCompile>
    <ClCompile Include="..\src\contest_ai.c">
      <Filter>Source Files</Filter>
    </ClCompile>
    <ClCompile Include="..\src\contest_effect.c">
      <Filter>Source Files</Filter>
    </ClCompile>
    <ClCompile Include="..\src\contest_link.c">
      <Filter>Source Files</Filter>
    </ClCompile>
    <ClCompile Include="..\src\contest_link_util.c">
      <Filter>Source Files</Filter>
    </ClCompile>
    <ClCompile Include="..\src\contest_painting.c">
      <Filter>Source Files</Filter>
    </ClCompile>
    <ClCompile Include="..\src\contest_util.c">
      <Filter>Source Files</Filter>
    </ClCompile>
    <ClCompile Include="..\src\coord_event_weather.c">
      <Filter>Source Files</Filter>
    </ClCompile>
    <ClCompile Include="..\src\credits.c">
      <Filter>Source Files</Filter>
    </ClCompile>
    <ClCompile Include="..\src\data.c">
      <Filter>Source Files</Filter>
    </ClCompile>
    <ClCompile Include="..\src\daycare.c">
      <Filter>Source Files</Filter>
    </ClCompile>
    <ClCompile Include="..\src\decompress.c">
      <Filter>Source Files</Filter>
    </ClCompile>
    <ClCompile Include="..\src\decoration.c">
      <Filter>Source Files</Filter>
    </ClCompile>
    <ClCompile Include="..\src\decoration_inventory.c">
      <Filter>Source Files</Filter>
    </ClCompile>
    <ClCompile Include="..\src\dewford_trend.c">
      <Filter>Source Files</Filter>
    </ClCompile>
    <ClCompile Include="..\src\digit_obj_util.c">
      <Filter>Source Files</Filter>
    </ClCompile>
    <ClCompile Include="..\src\diploma.c">
      <Filter>Source Files</Filter>
    </ClCompile>
    <ClCompile Include="..\src\dodrio_berry_picking.c">
      <Filter>Source Files</Filter>
    </ClCompile>
    <ClCompile Include="..\src\dynamic_placeholder_text_util.c">
      <Filter>Source Files</Filter>
    </ClCompile>
    <ClCompile Include="..\src\easy_chat.c">
      <Filter>Source Files</Filter>
    </ClCompile>
    <ClCompile Include="..\src\egg_hatch.c">
      <Filter>Source Files</Filter>
    </ClCompile>
    <ClCompile Include="..\src\ereader_helpers.c">
      <Filter>Source Files</Filter>
    </ClCompile>
    <ClCompile Include="..\src\ereader_screen.c">
      <Filter>Source Files</Filter>
    </ClCompile>
    <ClCompile Include="..\src\event_data.c">
      <Filter>Source Files</Filter>
    </ClCompile>
    <ClCompile Include="..\src\event_object_lock.c">
      <Filter>Source Files</Filter>
    </ClCompile>
    <ClCompile Include="..\src\event_object_movement.c">
      <Filter>Source Files</Filter>
    </ClCompile>
    <ClCompile Include="..\src\evolution_graphics.c">
      <Filter>Source Files</Filter>
    </ClCompile>
    <ClCompile Include="..\src\evolution_scene.c">
      <Filter>Source Files</Filter>
    </ClCompile>
    <ClCompile Include="..\src\faraway_island.c">
      <Filter>Source Files</Filter>
    </ClCompile>
    <ClCompile Include="..\src\field_camera.c">
      <Filter>Source Files</Filter>
    </ClCompile>
    <ClCompile Include="..\src\field_control_avatar.c">
      <Filter>Source Files</Filter>
    </ClCompile>
    <ClCompile Include="..\src\field_door.c">
      <Filter>Source Files</Filter>
    </ClCompile>
    <ClCompile Include="..\src\field_effect.c">
      <Filter>Source Files</Filter>
    </ClCompile>
    <ClCompile Include="..\src\field_effect_helpers.c">
      <Filter>Source Files</Filter>
    </ClCompile>
    <ClCompile Include="..\src\field_message_box.c">
      <Filter>Source Files</Filter>
    </ClCompile>
    <ClCompile Include="..\src\field_player_avatar.c">
      <Filter>Source Files</Filter>
    </ClCompile>
    <ClCompile Include="..\src\field_poison.c">
      <Filter>Source Files</Filter>
    </ClCompile>
    <ClCompile Include="..\src\field_region_map.c">
      <Filter>Source Files</Filter>
    </ClCompile>
    <ClCompile Include="..\src\field_screen_effect.c">
      <Filter>Source Files</Filter>
    </ClCompile>
    <ClCompile Include="..\src\field_special_scene.c">
      <Filter>Source Files</Filter>
    </ClCompile>
    <ClCompile Include="..\src\field_specials.c">
      <Filter>Source Files</Filter>
    </ClCompile>
    <ClCompile Include="..\src\field_tasks.c">
      <Filter>Source Files</Filter>
    </ClCompile>
    <ClCompile Include="..\src\field_weather.c">
      <Filter>Source Files</Filter>
    </ClCompile>
    <ClCompile Include="..\src\field_weather_effect.c">
      <Filter>Source Files</Filter>
    </ClCompile>
    <ClCompile Include="..\src\fieldmap.c">
      <Filter>Source Files</Filter>
    </ClCompile>
    <ClCompile Include="..\src\fldeff_cut.c">
      <Filter>Source Files</Filter>
    </ClCompile>
    <ClCompile Include="..\src\fldeff_dig.c">
      <Filter>Source Files</Filter>
    </ClCompile>
    <ClCompile Include="..\src\fldeff_escalator.c">
      <Filter>Source Files</Filter>
    </ClCompile>
    <ClCompile Include="..\src\fldeff_flash.c">
      <Filter>Source Files</Filter>
    </ClCompile>
    <ClCompile Include="..\src\fldeff_misc.c">
      <Filter>Source Files</Filter>
    </ClCompile>
    <ClCompile Include="..\src\fldeff_rocksmash.c">
      <Filter>Source Files</Filter>
    </ClCompile>
    <ClCompile Include="..\src\fldeff_softboiled.c">
      <Filter>Source Files</Filter>
    </ClCompile>
    <ClCompile Include="..\src\fldeff_strength.c">
      <Filter>Source Files</Filter>
    </ClCompile>
    <ClCompile Include="..\src\fldeff_sweetscent.c">
      <Filter>Source Files</Filter>
    </ClCompile>
    <ClCompile Include="..\src\fldeff_teleport.c">
      <Filter>Source Files</Filter>
    </ClCompile>
    <ClCompile Include="..\src\fonts.c">
      <Filter>Source Files</Filter>
    </ClCompile>
    <ClCompile Include="..\src\frontier_pass.c">
      <Filter>Source Files</Filter>
    </ClCompile>
    <ClCompile Include="..\src\frontier_util.c">
      <Filter>Source Files</Filter>
    </ClCompile>
    <ClCompile Include="..\src\graphics.c">
      <Filter>Source Files</Filter>
    </ClCompile>
    <ClCompile Include="..\src\gym_leader_rematch.c">
      <Filter>Source Files</Filter>
    </ClCompile>
    <ClCompile Include="..\src\hall_of_fame.c">
      <Filter>Source Files</Filter>
    </ClCompile>
    <ClCompile Include="..\src\heal_location.c">
      <Filter>Source Files</Filter>
    </ClCompile>
    <ClCompile Include="..\src\hof_pc.c">
      <Filter>Source Files</Filter>
    </ClCompile>
    <ClCompile Include="..\src\image_processing_effects.c">
      <Filter>Source Files</Filter>
    </ClCompile>
    <ClCompile Include="..\src\international_string_util.c">
      <Filter>Source Files</Filter>
    </ClCompile>
    <ClCompile Include="..\src\intro.c">
      <Filter>Source Files</Filter>
    </ClCompile>
    <ClCompile Include="..\src\intro_credits_graphics.c">
      <Filter>Source Files</Filter>
    </ClCompile>
    <ClCompile Include="..\src\item.c">
      <Filter>Source Files</Filter>
    </ClCompile>
    <ClCompile Include="..\src\item_icon.c">
      <Filter>Source Files</Filter>
    </ClCompile>
    <ClCompile Include="..\src\item_menu.c">
      <Filter>Source Files</Filter>
    </ClCompile>
    <ClCompile Include="..\src\item_menu_icons.c">
      <Filter>Source Files</Filter>
    </ClCompile>
    <ClCompile Include="..\src\item_use.c">
      <Filter>Source Files</Filter>
    </ClCompile>
    <ClCompile Include="..\src\landmark.c">
      <Filter>Source Files</Filter>
    </ClCompile>
    <ClCompile Include="..\src\libisagbprn.c">
      <Filter>Source Files</Filter>
    </ClCompile>
    <ClCompile Include="..\src\librfu_intr.c">
      <Filter>Source Files</Filter>
    </ClCompile>
    <ClCompile Include="..\src\librfu_rfu.c">
      <Filter>Source Files</Filter>
    </ClCompile>
    <ClCompile Include="..\src\librfu_sio32id.c">
      <Filter>Source Files</Filter>
    </ClCompile>
    <ClCompile Include="..\src\librfu_stwi.c">
      <Filter>Source Files</Filter>
    </ClCompile>
    <ClCompile Include="..\src\lilycove_lady.c">
      <Filter>Source Files</Filter>
    </ClCompile>
    <ClCompile Include="..\src\link.c">
      <Filter>Source Files</Filter>
    </ClCompile>
    <ClCompile Include="..\src\link_rfu_2.c">
      <Filter>Source Files</Filter>
    </ClCompile>
    <ClCompile Include="..\src\link_rfu_3.c">
      <Filter>Source Files</Filter>
    </ClCompile>
    <ClCompile Include="..\src\list_menu.c">
      <Filter>Source Files</Filter>
    </ClCompile>
    <ClCompile Include="..\src\load_save.c">
      <Filter>Source Files</Filter>
    </ClCompile>
    <ClCompile Include="..\src\lottery_corner.c">
      <Filter>Source Files</Filter>
    </ClCompile>
    <ClCompile Include="..\src\m4a.c">
      <Filter>Source Files</Filter>
    </ClCompile>
    <ClCompile Include="..\src\m4a_tables.c">
      <Filter>Source Files</Filter>
    </ClCompile>
    <ClCompile Include="..\src\mail.c">
      <Filter>Source Files</Filter>
    </ClCompile>
    <ClCompile Include="..\src\mail_data.c">
      <Filter>Source Files</Filter>
    </ClCompile>
    <ClCompile Include="..\src\main.c">
      <Filter>Source Files</Filter>
    </ClCompile>
    <ClCompile Include="..\src\main_menu.c">
      <Filter>Source Files</Filter>
    </ClCompile>
    <ClCompile Include="..\src\map_name_popup.c">
      <Filter>Source Files</Filter>
    </ClCompile>
    <ClCompile Include="..\src\match_call.c">
      <Filter>Source Files</Filter>
    </ClCompile>
    <ClCompile Include="..\src\math_util.c">
      <Filter>Source Files</Filter>
    </ClCompile>
    <ClCompile Include="..\src\mauville_old_man.c">
      <Filter>Source Files</Filter>
    </ClCompile>
    <ClCompile Include="..\src\menu.c">
      <Filter>Source Files</Filter>
    </ClCompile>
    <ClCompile Include="..\src\menu_helpers.c">
      <Filter>Source Files</Filter>
    </ClCompile>
    <ClCompile Include="..\src\menu_specialized.c">
      <Filter>Source Files</Filter>
    </ClCompile>
    <ClCompile Include="..\src\metatile_behavior.c">
      <Filter>Source Files</Filter>
    </ClCompile>
    <ClCompile Include="..\src\mini_printf.c">
      <Filter>Source Files</Filter>
    </ClCompile>
    <ClCompile Include="..\src\minigame_countdown.c">
      <Filter>Source Files</Filter>
    </ClCompile>
    <ClCompile Include="..\src\mirage_tower.c">
      <Filter>Source Files</Filter>
    </ClCompile>
    <ClCompile Include="..\src\mon_markings.c">
      <Filter>Source Files</Filter>
    </ClCompile>
    <ClCompile Include="..\src\money.c">
      <Filter>Source Files</Filter>
    </ClCompile>
    <ClCompile Include="..\src\move_relearner.c">
      <Filter>Source Files</Filter>
    </ClCompile>
    <ClCompile Include="..\src\multiboot.c">
      <Filter>Source Files</Filter>
    </ClCompile>
    <ClCompile Include="..\src\music_player.c">
      <Filter>Source Files</Filter>
    </ClCompile>
    <ClCompile Include="..\src\mystery_event_menu.c">
      <Filter>Source Files</Filter>
    </ClCompile>
    <ClCompile Include="..\src\mystery_event_msg.c">
      <Filter>Source Files</Filter>
    </ClCompile>
    <ClCompile Include="..\src\mystery_event_script.c">
      <Filter>Source Files</Filter>
    </ClCompile>
    <ClCompile Include="..\src\mystery_gift.c">
      <Filter>Source Files</Filter>
    </ClCompile>
    <ClCompile Include="..\src\mystery_gift_client.c">
      <Filter>Source Files</Filter>
    </ClCompile>
    <ClCompile Include="..\src\mystery_gift_link.c">
      <Filter>Source Files</Filter>
    </ClCompile>
    <ClCompile Include="..\src\mystery_gift_menu.c">
      <Filter>Source Files</Filter>
    </ClCompile>
    <ClCompile Include="..\src\mystery_gift_scripts.c">
      <Filter>Source Files</Filter>
    </ClCompile>
    <ClCompile Include="..\src\mystery_gift_server.c">
      <Filter>Source Files</Filter>
    </ClCompile>
    <ClCompile Include="..\src\mystery_gift_view.c">
      <Filter>Source Files</Filter>
    </ClCompile>
    <ClCompile Include="..\src\naming_screen.c">
      <Filter>Source Files</Filter>
    </ClCompile>
    <ClCompile Include="..\src\new_game.c">
      <Filter>Source Files</Filter>
    </ClCompile>
    <ClCompile Include="..\src\option_menu.c">
      <Filter>Source Files</Filter>
    </ClCompile>
    <ClCompile Include="..\src\overworld.c">
      <Filter>Source Files</Filter>
    </ClCompile>
    <ClCompile Include="..\src\palette.c">
      <Filter>Source Files</Filter>
    </ClCompile>
    <ClCompile Include="..\src\palette_util.c">
      <Filter>Source Files</Filter>
    </ClCompile>
    <ClCompile Include="..\src\party_menu.c">
      <Filter>Source Files</Filter>
    </ClCompile>
    <ClCompile Include="..\src\play_time.c">
      <Filter>Source Files</Filter>
    </ClCompile>
    <ClCompile Include="..\src\player_pc.c">
      <Filter>Source Files</Filter>
    </ClCompile>
    <ClCompile Include="..\src\pokeball.c">
      <Filter>Source Files</Filter>
    </ClCompile>
    <ClCompile Include="..\src\pokeblock.c">
      <Filter>Source Files</Filter>
    </ClCompile>
    <ClCompile Include="..\src\pokeblock_feed.c">
      <Filter>Source Files</Filter>
    </ClCompile>
    <ClCompile Include="..\src\pokedex.c">
      <Filter>Source Files</Filter>
    </ClCompile>
    <ClCompile Include="..\src\pokedex_area_region_map.c">
      <Filter>Source Files</Filter>
    </ClCompile>
    <ClCompile Include="..\src\pokedex_area_screen.c">
      <Filter>Source Files</Filter>
    </ClCompile>
    <ClCompile Include="..\src\pokedex_cry_screen.c">
      <Filter>Source Files</Filter>
    </ClCompile>
    <ClCompile Include="..\src\pokemon.c">
      <Filter>Source Files</Filter>
    </ClCompile>
    <ClCompile Include="..\src\pokemon_animation.c">
      <Filter>Source Files</Filter>
    </ClCompile>
    <ClCompile Include="..\src\pokemon_icon.c">
      <Filter>Source Files</Filter>
    </ClCompile>
    <ClCompile Include="..\src\pokemon_jump.c">
      <Filter>Source Files</Filter>
    </ClCompile>
    <ClCompile Include="..\src\pokemon_size_record.c">
      <Filter>Source Files</Filter>
    </ClCompile>
    <ClCompile Include="..\src\pokemon_storage_system.c">
      <Filter>Source Files</Filter>
    </ClCompile>
    <ClCompile Include="..\src\pokemon_summary_screen.c">
      <Filter>Source Files</Filter>
    </ClCompile>
    <ClCompile Include="..\src\pokenav.c">
      <Filter>Source Files</Filter>
    </ClCompile>
    <ClCompile Include="..\src\pokenav_conditions.c">
      <Filter>Source Files</Filter>
    </ClCompile>
    <ClCompile Include="..\src\pokenav_conditions_gfx.c">
      <Filter>Source Files</Filter>
    </ClCompile>
    <ClCompile Include="..\src\pokenav_conditions_search_results.c">
      <Filter>Source Files</Filter>
    </ClCompile>
    <ClCompile Include="..\src\pokenav_list.c">
      <Filter>Source Files</Filter>
    </ClCompile>
    <ClCompile Include="..\src\pokenav_main_menu.c">
      <Filter>Source Files</Filter>
    </ClCompile>
    <ClCompile Include="..\src\pokenav_match_call_data.c">
      <Filter>Source Files</Filter>
    </ClCompile>
    <ClCompile Include="..\src\pokenav_match_call_gfx.c">
      <Filter>Source Files</Filter>
    </ClCompile>
    <ClCompile Include="..\src\pokenav_match_call_list.c">
      <Filter>Source Files</Filter>
    </ClCompile>
    <ClCompile Include="..\src\pokenav_menu_handler.c">
      <Filter>Source Files</Filter>
    </ClCompile>
    <ClCompile Include="..\src\pokenav_menu_handler_gfx.c">
      <Filter>Source Files</Filter>
    </ClCompile>
    <ClCompile Include="..\src\pokenav_region_map.c">
      <Filter>Source Files</Filter>
    </ClCompile>
    <ClCompile Include="..\src\pokenav_ribbons_list.c">
      <Filter>Source Files</Filter>
    </ClCompile>
    <ClCompile Include="..\src\pokenav_ribbons_summary.c">
      <Filter>Source Files</Filter>
    </ClCompile>
    <ClCompile Include="..\src\post_battle_event_funcs.c">
      <Filter>Source Files</Filter>
    </ClCompile>
    <ClCompile Include="..\src\random.c">
      <Filter>Source Files</Filter>
    </ClCompile>
    <ClCompile Include="..\src\rayquaza_scene.c">
      <Filter>Source Files</Filter>
    </ClCompile>
    <ClCompile Include="..\src\record_mixing.c">
      <Filter>Source Files</Filter>
    </ClCompile>
    <ClCompile Include="..\src\recorded_battle.c">
      <Filter>Source Files</Filter>
    </ClCompile>
    <ClCompile Include="..\src\region_map.c">
      <Filter>Source Files</Filter>
    </ClCompile>
    <ClCompile Include="..\src\reload_save.c">
      <Filter>Source Files</Filter>
    </ClCompile>
    <ClCompile Include="..\src\reset_rtc_screen.c">
      <Filter>Source Files</Filter>
    </ClCompile>
    <ClCompile Include="..\src\reshow_battle_screen.c">
      <Filter>Source Files</Filter>
    </ClCompile>
    <ClCompile Include="..\src\roamer.c">
      <Filter>Source Files</Filter>
    </ClCompile>
    <ClCompile Include="..\src\rom_header_gf.c">
      <Filter>Source Files</Filter>
    </ClCompile>
    <ClCompile Include="..\src\rotating_gate.c">
      <Filter>Source Files</Filter>
    </ClCompile>
    <ClCompile Include="..\src\rotating_tile_puzzle.c">
      <Filter>Source Files</Filter>
    </ClCompile>
    <ClCompile Include="..\src\roulette.c">
      <Filter>Source Files</Filter>
    </ClCompile>
    <ClCompile Include="..\src\rtc.c">
      <Filter>Source Files</Filter>
    </ClCompile>
    <ClCompile Include="..\src\safari_zone.c">
      <Filter>Source Files</Filter>
    </ClCompile>
    <ClCompile Include="..\src\save.c">
      <Filter>Source Files</Filter>
    </ClCompile>
    <ClCompile Include="..\src\save_failed_screen.c">
      <Filter>Source Files</Filter>
    </ClCompile>
    <ClCompile Include="..\src\save_location.c">
      <Filter>Source Files</Filter>
    </ClCompile>
    <ClCompile Include="..\src\scanline_effect.c">
      <Filter>Source Files</Filter>
    </ClCompile>
    <ClCompile Include="..\src\scrcmd.c">
      <Filter>Source Files</Filter>
    </ClCompile>
    <ClCompile Include="..\src\script.c">
      <Filter>Source Files</Filter>
    </ClCompile>
    <ClCompile Include="..\src\script_menu.c">
      <Filter>Source Files</Filter>
    </ClCompile>
    <ClCompile Include="..\src\script_movement.c">
      <Filter>Source Files</Filter>
    </ClCompile>
    <ClCompile Include="..\src\script_pokemon_util.c">
      <Filter>Source Files</Filter>
    </ClCompile>
    <ClCompile Include="..\src\secret_base.c">
      <Filter>Source Files</Filter>
    </ClCompile>
    <ClCompile Include="..\src\shop.c">
      <Filter>Source Files</Filter>
    </ClCompile>
    <ClCompile Include="..\src\siirtc.c">
      <Filter>Source Files</Filter>
    </ClCompile>
    <ClCompile Include="..\src\slot_machine.c">
      <Filter>Source Files</Filter>
    </ClCompile>
    <ClCompile Include="..\src\sound.c">
      <Filter>Source Files</Filter>
    </ClCompile>
    <ClCompile Include="..\src\sound_mixer.c">
      <Filter>Source Files</Filter>
    </ClCompile>
    <ClCompile Include="..\src\start_menu.c">
      <Filter>Source Files</Filter>
    </ClCompile>
    <ClCompile Include="..\src\starter_choose.c">
      <Filter>Source Files</Filter>
    </ClCompile>
    <ClCompile Include="..\src\strings.c">
      <Filter>Source Files</Filter>
    </ClCompile>
    <ClCompile Include="..\src\stub.c">
      <Filter>Source Files</Filter>
    </ClCompile>
    <ClCompile Include="..\src\task.c">
      <Filter>Source Files</Filter>
    </ClCompile>
    <ClCompile Include="..\src\text_input_strings.c">
      <Filter>Source Files</Filter>
    </ClCompile>
    <ClCompile Include="..\src\text_window.c">
      <Filter>Source Files</Filter>
    </ClCompile>
    <ClCompile Include="..\src\tileset_anims.c">
      <Filter>Source Files</Filter>
    </ClCompile>
    <ClCompile Include="..\src\tilesets.c">
      <Filter>Source Files</Filter>
    </ClCompile>
    <ClCompile Include="..\src\time_events.c">
      <Filter>Source Files</Filter>
    </ClCompile>
    <ClCompile Include="..\src\title_screen.c">
      <Filter>Source Files</Filter>
    </ClCompile>
    <ClCompile Include="..\src\trade.c">
      <Filter>Source Files</Filter>
    </ClCompile>
    <ClCompile Include="..\src\trader.c">
      <Filter>Source Files</Filter>
    </ClCompile>
    <ClCompile Include="..\src\trainer_card.c">
      <Filter>Source Files</Filter>
    </ClCompile>
    <ClCompile Include="..\src\trainer_hill.c">
      <Filter>Source Files</Filter>
    </ClCompile>
    <ClCompile Include="..\src\trainer_pokemon_sprites.c">
      <Filter>Source Files</Filter>
    </ClCompile>
    <ClCompile Include="..\src\trainer_see.c">
      <Filter>Source Files</Filter>
    </ClCompile>
    <ClCompile Include="..\src\trig.c">
      <Filter>Source Files</Filter>
    </ClCompile>
    <ClCompile Include="..\src\tv.c">
      <Filter>Source Files</Filter>
    </ClCompile>
    <ClCompile Include="..\src\union_room.c">
      <Filter>Source Files</Filter>
    </ClCompile>
    <ClCompile Include="..\src\union_room_battle.c">
      <Filter>Source Files</Filter>
    </ClCompile>
    <ClCompile Include="..\src\union_room_chat.c">
      <Filter>Source Files</Filter>
    </ClCompile>
    <ClCompile Include="..\src\union_room_player_avatar.c">
      <Filter>Source Files</Filter>
    </ClCompile>
    <ClCompile Include="..\src\use_pokeblock.c">
      <Filter>Source Files</Filter>
    </ClCompile>
    <ClCompile Include="..\src\util.c">
      <Filter>Source Files</Filter>
    </ClCompile>
    <ClCompile Include="..\src\walda_phrase.c">
      <Filter>Source Files</Filter>
    </ClCompile>
    <ClCompile Include="..\src\wallclock.c">
      <Filter>Source Files</Filter>
    </ClCompile>
    <ClCompile Include="..\src\wild_encounter.c">
      <Filter>Source Files</Filter>
    </ClCompile>
    <ClCompile Include="..\src\wireless_communication_status_screen.c">
      <Filter>Source Files</Filter>
    </ClCompile>
    <ClCompile Include="..\src\wonder_news.c">
      <Filter>Source Files</Filter>
    </ClCompile>
    <ClCompile Include="..\gflib\bg.c">
      <Filter>GFLib</Filter>
    </ClCompile>
    <ClCompile Include="..\gflib\blit.c">
      <Filter>GFLib</Filter>
    </ClCompile>
    <ClCompile Include="..\gflib\dma3_manager.c">
      <Filter>GFLib</Filter>
    </ClCompile>
    <ClCompile Include="..\gflib\gpu_regs.c">
      <Filter>GFLib</Filter>
    </ClCompile>
    <ClCompile Include="..\gflib\io_reg.c">
      <Filter>GFLib</Filter>
    </ClCompile>
    <ClCompile Include="..\gflib\malloc.c">
      <Filter>GFLib</Filter>
    </ClCompile>
    <ClCompile Include="..\gflib\sprite.c">
      <Filter>GFLib</Filter>
    </ClCompile>
    <ClCompile Include="..\gflib\string_util.c">
      <Filter>GFLib</Filter>
    </ClCompile>
    <ClCompile Include="..\gflib\text.c">
      <Filter>GFLib</Filter>
    </ClCompile>
    <ClCompile Include="..\gflib\window.c">
      <Filter>GFLib</Filter>
    </ClCompile>
  </ItemGroup>
  <ItemGroup>
    <ClInclude Include="..\include\constants\abilities.h">
      <Filter>Header Files\Constants</Filter>
    </ClInclude>
    <ClInclude Include="..\include\constants\apprentice.h">
      <Filter>Header Files\Constants</Filter>
    </ClInclude>
    <ClInclude Include="..\include\constants\battle.h">
      <Filter>Header Files\Constants</Filter>
    </ClInclude>
    <ClInclude Include="..\include\constants\battle_ai.h">
      <Filter>Header Files\Constants</Filter>
    </ClInclude>
    <ClInclude Include="..\include\constants\battle_anim.h">
      <Filter>Header Files\Constants</Filter>
    </ClInclude>
    <ClInclude Include="..\include\constants\battle_arena.h">
      <Filter>Header Files\Constants</Filter>
    </ClInclude>
    <ClInclude Include="..\include\constants\battle_dome.h">
      <Filter>Header Files\Constants</Filter>
    </ClInclude>
    <ClInclude Include="..\include\constants\battle_factory.h">
      <Filter>Header Files\Constants</Filter>
    </ClInclude>
    <ClInclude Include="..\include\constants\battle_frontier.h">
      <Filter>Header Files\Constants</Filter>
    </ClInclude>
    <ClInclude Include="..\include\constants\battle_frontier_mons.h">
      <Filter>Header Files\Constants</Filter>
    </ClInclude>
    <ClInclude Include="..\include\constants\battle_frontier_trainers.h">
      <Filter>Header Files\Constants</Filter>
    </ClInclude>
    <ClInclude Include="..\include\constants\battle_move_effects.h">
      <Filter>Header Files\Constants</Filter>
    </ClInclude>
    <ClInclude Include="..\include\constants\battle_palace.h">
      <Filter>Header Files\Constants</Filter>
    </ClInclude>
    <ClInclude Include="..\include\constants\battle_pike.h">
      <Filter>Header Files\Constants</Filter>
    </ClInclude>
    <ClInclude Include="..\include\constants\battle_pyramid.h">
      <Filter>Header Files\Constants</Filter>
    </ClInclude>
    <ClInclude Include="..\include\constants\battle_script_commands.h">
      <Filter>Header Files\Constants</Filter>
    </ClInclude>
    <ClInclude Include="..\include\constants\battle_setup.h">
      <Filter>Header Files\Constants</Filter>
    </ClInclude>
    <ClInclude Include="..\include\constants\battle_string_ids.h">
      <Filter>Header Files\Constants</Filter>
    </ClInclude>
    <ClInclude Include="..\include\constants\battle_tent.h">
      <Filter>Header Files\Constants</Filter>
    </ClInclude>
    <ClInclude Include="..\include\constants\battle_tent_mons.h">
      <Filter>Header Files\Constants</Filter>
    </ClInclude>
    <ClInclude Include="..\include\constants\battle_tent_trainers.h">
      <Filter>Header Files\Constants</Filter>
    </ClInclude>
    <ClInclude Include="..\include\constants\battle_tower.h">
      <Filter>Header Files\Constants</Filter>
    </ClInclude>
    <ClInclude Include="..\include\constants\berry.h">
      <Filter>Header Files\Constants</Filter>
    </ClInclude>
    <ClInclude Include="..\include\constants\cable_club.h">
      <Filter>Header Files\Constants</Filter>
    </ClInclude>
    <ClInclude Include="..\include\constants\coins.h">
      <Filter>Header Files\Constants</Filter>
    </ClInclude>
    <ClInclude Include="..\include\constants\contest.h">
      <Filter>Header Files\Constants</Filter>
    </ClInclude>
    <ClInclude Include="..\include\constants\daycare.h">
      <Filter>Header Files\Constants</Filter>
    </ClInclude>
    <ClInclude Include="..\include\constants\decorations.h">
      <Filter>Header Files\Constants</Filter>
    </ClInclude>
    <ClInclude Include="..\include\constants\easy_chat.h">
      <Filter>Header Files\Constants</Filter>
    </ClInclude>
    <ClInclude Include="..\include\constants\event_bg.h">
      <Filter>Header Files\Constants</Filter>
    </ClInclude>
    <ClInclude Include="..\include\constants\event_object_movement.h">
      <Filter>Header Files\Constants</Filter>
    </ClInclude>
    <ClInclude Include="..\include\constants\event_objects.h">
      <Filter>Header Files\Constants</Filter>
    </ClInclude>
    <ClInclude Include="..\include\constants\field_effects.h">
      <Filter>Header Files\Constants</Filter>
    </ClInclude>
    <ClInclude Include="..\include\constants\field_poison.h">
      <Filter>Header Files\Constants</Filter>
    </ClInclude>
    <ClInclude Include="..\include\constants\field_specials.h">
      <Filter>Header Files\Constants</Filter>
    </ClInclude>
    <ClInclude Include="..\include\constants\field_tasks.h">
      <Filter>Header Files\Constants</Filter>
    </ClInclude>
    <ClInclude Include="..\include\constants\field_weather.h">
      <Filter>Header Files\Constants</Filter>
    </ClInclude>
    <ClInclude Include="..\include\constants\flags.h">
      <Filter>Header Files\Constants</Filter>
    </ClInclude>
    <ClInclude Include="..\include\constants\frontier_util.h">
      <Filter>Header Files\Constants</Filter>
    </ClInclude>
    <ClInclude Include="..\include\constants\game_stat.h">
      <Filter>Header Files\Constants</Filter>
    </ClInclude>
    <ClInclude Include="..\include\constants\global.h">
      <Filter>Header Files\Constants</Filter>
    </ClInclude>
    <ClInclude Include="..\include\constants\heal_locations.h">
      <Filter>Header Files\Constants</Filter>
    </ClInclude>
    <ClInclude Include="..\include\constants\hold_effects.h">
      <Filter>Header Files\Constants</Filter>
    </ClInclude>
    <ClInclude Include="..\include\constants\item.h">
      <Filter>Header Files\Constants</Filter>
    </ClInclude>
    <ClInclude Include="..\include\constants\item_effects.h">
      <Filter>Header Files\Constants</Filter>
    </ClInclude>
    <ClInclude Include="..\include\constants\items.h">
      <Filter>Header Files\Constants</Filter>
    </ClInclude>
    <ClInclude Include="..\include\constants\layouts.h">
      <Filter>Header Files\Constants</Filter>
    </ClInclude>
    <ClInclude Include="..\include\constants\lilycove_lady.h">
      <Filter>Header Files\Constants</Filter>
    </ClInclude>
    <ClInclude Include="..\include\constants\map_groups.h">
      <Filter>Header Files\Constants</Filter>
    </ClInclude>
    <ClInclude Include="..\include\constants\map_scripts.h">
      <Filter>Header Files\Constants</Filter>
    </ClInclude>
    <ClInclude Include="..\include\constants\map_types.h">
      <Filter>Header Files\Constants</Filter>
    </ClInclude>
    <ClInclude Include="..\include\constants\maps.h">
      <Filter>Header Files\Constants</Filter>
    </ClInclude>
    <ClInclude Include="..\include\constants\mauville_old_man.h">
      <Filter>Header Files\Constants</Filter>
    </ClInclude>
    <ClInclude Include="..\include\constants\metatile_behaviors.h">
      <Filter>Header Files\Constants</Filter>
    </ClInclude>
    <ClInclude Include="..\include\constants\metatile_labels.h">
      <Filter>Header Files\Constants</Filter>
    </ClInclude>
    <ClInclude Include="..\include\constants\moves.h">
      <Filter>Header Files\Constants</Filter>
    </ClInclude>
    <ClInclude Include="..\include\constants\mystery_gift.h">
      <Filter>Header Files\Constants</Filter>
    </ClInclude>
    <ClInclude Include="..\include\constants\opponents.h">
      <Filter>Header Files\Constants</Filter>
    </ClInclude>
    <ClInclude Include="..\include\constants\party_menu.h">
      <Filter>Header Files\Constants</Filter>
    </ClInclude>
    <ClInclude Include="..\include\constants\pokedex.h">
      <Filter>Header Files\Constants</Filter>
    </ClInclude>
    <ClInclude Include="..\include\constants\pokemon.h">
      <Filter>Header Files\Constants</Filter>
    </ClInclude>
    <ClInclude Include="..\include\constants\region_map_sections.h">
      <Filter>Header Files\Constants</Filter>
    </ClInclude>
    <ClInclude Include="..\include\constants\rgb.h">
      <Filter>Header Files\Constants</Filter>
    </ClInclude>
    <ClInclude Include="..\include\constants\roulette.h">
      <Filter>Header Files\Constants</Filter>
    </ClInclude>
    <ClInclude Include="..\include\constants\script_menu.h">
      <Filter>Header Files\Constants</Filter>
    </ClInclude>
    <ClInclude Include="..\include\constants\secret_bases.h">
      <Filter>Header Files\Constants</Filter>
    </ClInclude>
    <ClInclude Include="..\include\constants\slot_machine.h">
      <Filter>Header Files\Constants</Filter>
    </ClInclude>
    <ClInclude Include="..\include\constants\songs.h">
      <Filter>Header Files\Constants</Filter>
    </ClInclude>
    <ClInclude Include="..\include\constants\sound.h">
      <Filter>Header Files\Constants</Filter>
    </ClInclude>
    <ClInclude Include="..\include\constants\species.h">
      <Filter>Header Files\Constants</Filter>
    </ClInclude>
    <ClInclude Include="..\include\constants\tms_hms.h">
      <Filter>Header Files\Constants</Filter>
    </ClInclude>
    <ClInclude Include="..\include\constants\trade.h">
      <Filter>Header Files\Constants</Filter>
    </ClInclude>
    <ClInclude Include="..\include\constants\trainer_hill.h">
      <Filter>Header Files\Constants</Filter>
    </ClInclude>
    <ClInclude Include="..\include\constants\trainer_types.h">
      <Filter>Header Files\Constants</Filter>
    </ClInclude>
    <ClInclude Include="..\include\constants\trainers.h">
      <Filter>Header Files\Constants</Filter>
    </ClInclude>
    <ClInclude Include="..\include\constants\tv.h">
      <Filter>Header Files\Constants</Filter>
    </ClInclude>
    <ClInclude Include="..\include\constants\union_room.h">
      <Filter>Header Files\Constants</Filter>
    </ClInclude>
    <ClInclude Include="..\include\constants\vars.h">
      <Filter>Header Files\Constants</Filter>
    </ClInclude>
    <ClInclude Include="..\include\constants\weather.h">
      <Filter>Header Files\Constants</Filter>
    </ClInclude>
    <ClInclude Include="..\include\constants\wild_encounter.h">
      <Filter>Header Files\Constants</Filter>
    </ClInclude>
    <ClInclude Include="..\include\gba\defines.h">
      <Filter>Header Files\GBA</Filter>
    </ClInclude>
    <ClInclude Include="..\include\gba\flash_internal.h">
      <Filter>Header Files\GBA</Filter>
    </ClInclude>
    <ClInclude Include="..\include\gba\gba.h">
      <Filter>Header Files\GBA</Filter>
    </ClInclude>
    <ClInclude Include="..\include\gba\io_reg.h">
      <Filter>Header Files\GBA</Filter>
    </ClInclude>
    <ClInclude Include="..\include\gba\isagbprint.h">
      <Filter>Header Files\GBA</Filter>
    </ClInclude>
    <ClInclude Include="..\include\gba\m4a_internal.h">
      <Filter>Header Files\GBA</Filter>
    </ClInclude>
    <ClInclude Include="..\include\gba\macro.h">
      <Filter>Header Files\GBA</Filter>
    </ClInclude>
    <ClInclude Include="..\include\gba\multiboot.h">
      <Filter>Header Files\GBA</Filter>
    </ClInclude>
    <ClInclude Include="..\include\gba\syscall.h">
      <Filter>Header Files\GBA</Filter>
    </ClInclude>
    <ClInclude Include="..\include\gba\types.h">
      <Filter>Header Files\GBA</Filter>
    </ClInclude>
    <ClInclude Include="..\include\platform\dma.h">
      <Filter>Header Files\Platform</Filter>
    </ClInclude>
    <ClInclude Include="..\include\platform\framedraw.h">
      <Filter>Header Files\Platform</Filter>
    </ClInclude>
    <ClInclude Include="..\include\agb_flash.h">
      <Filter>Header Files</Filter>
    </ClInclude>
    <ClInclude Include="..\include\AgbRfu_LinkManager.h">
      <Filter>Header Files</Filter>
    </ClInclude>
    <ClInclude Include="..\include\apprentice.h">
      <Filter>Header Files</Filter>
    </ClInclude>
    <ClInclude Include="..\include\bard_music.h">
      <Filter>Header Files</Filter>
    </ClInclude>
    <ClInclude Include="..\include\battle.h">
      <Filter>Header Files</Filter>
    </ClInclude>
    <ClInclude Include="..\include\battle_ai_script_commands.h">
      <Filter>Header Files</Filter>
    </ClInclude>
    <ClInclude Include="..\include\battle_ai_switch_items.h">
      <Filter>Header Files</Filter>
    </ClInclude>
    <ClInclude Include="..\include\battle_anim.h">
      <Filter>Header Files</Filter>
    </ClInclude>
    <ClInclude Include="..\include\battle_arena.h">
      <Filter>Header Files</Filter>
    </ClInclude>
    <ClInclude Include="..\include\battle_bg.h">
      <Filter>Header Files</Filter>
    </ClInclude>
    <ClInclude Include="..\include\battle_controllers.h">
      <Filter>Header Files</Filter>
    </ClInclude>
    <ClInclude Include="..\include\battle_dome.h">
      <Filter>Header Files</Filter>
    </ClInclude>
    <ClInclude Include="..\include\battle_factory.h">
      <Filter>Header Files</Filter>
    </ClInclude>
    <ClInclude Include="..\include\battle_factory_screen.h">
      <Filter>Header Files</Filter>
    </ClInclude>
    <ClInclude Include="..\include\battle_gfx_sfx_util.h">
      <Filter>Header Files</Filter>
    </ClInclude>
    <ClInclude Include="..\include\battle_interface.h">
      <Filter>Header Files</Filter>
    </ClInclude>
    <ClInclude Include="..\include\battle_main.h">
      <Filter>Header Files</Filter>
    </ClInclude>
    <ClInclude Include="..\include\battle_message.h">
      <Filter>Header Files</Filter>
    </ClInclude>
    <ClInclude Include="..\include\battle_pike.h">
      <Filter>Header Files</Filter>
    </ClInclude>
    <ClInclude Include="..\include\battle_pyramid.h">
      <Filter>Header Files</Filter>
    </ClInclude>
    <ClInclude Include="..\include\battle_pyramid_bag.h">
      <Filter>Header Files</Filter>
    </ClInclude>
    <ClInclude Include="..\include\battle_records.h">
      <Filter>Header Files</Filter>
    </ClInclude>
    <ClInclude Include="..\include\battle_script_commands.h">
      <Filter>Header Files</Filter>
    </ClInclude>
    <ClInclude Include="..\include\battle_scripts.h">
      <Filter>Header Files</Filter>
    </ClInclude>
    <ClInclude Include="..\include\battle_setup.h">
      <Filter>Header Files</Filter>
    </ClInclude>
    <ClInclude Include="..\include\battle_tent.h">
      <Filter>Header Files</Filter>
    </ClInclude>
    <ClInclude Include="..\include\battle_tower.h">
      <Filter>Header Files</Filter>
    </ClInclude>
    <ClInclude Include="..\include\battle_transition.h">
      <Filter>Header Files</Filter>
    </ClInclude>
    <ClInclude Include="..\include\battle_transition_frontier.h">
      <Filter>Header Files</Filter>
    </ClInclude>
    <ClInclude Include="..\include\battle_tv.h">
      <Filter>Header Files</Filter>
    </ClInclude>
    <ClInclude Include="..\include\battle_util.h">
      <Filter>Header Files</Filter>
    </ClInclude>
    <ClInclude Include="..\include\battle_util2.h">
      <Filter>Header Files</Filter>
    </ClInclude>
    <ClInclude Include="..\include\berry.h">
      <Filter>Header Files</Filter>
    </ClInclude>
    <ClInclude Include="..\include\berry_blender.h">
      <Filter>Header Files</Filter>
    </ClInclude>
    <ClInclude Include="..\include\berry_crush.h">
      <Filter>Header Files</Filter>
    </ClInclude>
    <ClInclude Include="..\include\berry_fix_program.h">
      <Filter>Header Files</Filter>
    </ClInclude>
    <ClInclude Include="..\include\berry_powder.h">
      <Filter>Header Files</Filter>
    </ClInclude>
    <ClInclude Include="..\include\berry_tag_screen.h">
      <Filter>Header Files</Filter>
    </ClInclude>
    <ClInclude Include="..\include\bike.h">
      <Filter>Header Files</Filter>
    </ClInclude>
    <ClInclude Include="..\include\braille_puzzles.h">
      <Filter>Header Files</Filter>
    </ClInclude>
    <ClInclude Include="..\include\cable_club.h">
      <Filter>Header Files</Filter>
    </ClInclude>
    <ClInclude Include="..\include\cgb_audio.h">
      <Filter>Header Files</Filter>
    </ClInclude>
    <ClInclude Include="..\include\cgb_tables.h">
      <Filter>Header Files</Filter>
    </ClInclude>
    <ClInclude Include="..\include\clear_save_data_menu.h">
      <Filter>Header Files</Filter>
    </ClInclude>
    <ClInclude Include="..\include\clock.h">
      <Filter>Header Files</Filter>
    </ClInclude>
    <ClInclude Include="..\include\coins.h">
      <Filter>Header Files</Filter>
    </ClInclude>
    <ClInclude Include="..\include\confetti_util.h">
      <Filter>Header Files</Filter>
    </ClInclude>
    <ClInclude Include="..\include\config.h">
      <Filter>Header Files</Filter>
    </ClInclude>
    <ClInclude Include="..\include\contest.h">
      <Filter>Header Files</Filter>
    </ClInclude>
    <ClInclude Include="..\include\contest_ai.h">
      <Filter>Header Files</Filter>
    </ClInclude>
    <ClInclude Include="..\include\contest_effect.h">
      <Filter>Header Files</Filter>
    </ClInclude>
    <ClInclude Include="..\include\contest_link.h">
      <Filter>Header Files</Filter>
    </ClInclude>
    <ClInclude Include="..\include\contest_painting.h">
      <Filter>Header Files</Filter>
    </ClInclude>
    <ClInclude Include="..\include\contest_util.h">
      <Filter>Header Files</Filter>
    </ClInclude>
    <ClInclude Include="..\include\coord_event_weather.h">
      <Filter>Header Files</Filter>
    </ClInclude>
    <ClInclude Include="..\include\credits.h">
      <Filter>Header Files</Filter>
    </ClInclude>
    <ClInclude Include="..\include\crt0.h">
      <Filter>Header Files</Filter>
    </ClInclude>
    <ClInclude Include="..\include\data.h">
      <Filter>Header Files</Filter>
    </ClInclude>
    <ClInclude Include="..\include\daycare.h">
      <Filter>Header Files</Filter>
    </ClInclude>
    <ClInclude Include="..\include\decompress.h">
      <Filter>Header Files</Filter>
    </ClInclude>
    <ClInclude Include="..\include\decoration.h">
      <Filter>Header Files</Filter>
    </ClInclude>
    <ClInclude Include="..\include\decoration_inventory.h">
      <Filter>Header Files</Filter>
    </ClInclude>
    <ClInclude Include="..\include\dewford_trend.h">
      <Filter>Header Files</Filter>
    </ClInclude>
    <ClInclude Include="..\include\digit_obj_util.h">
      <Filter>Header Files</Filter>
    </ClInclude>
    <ClInclude Include="..\include\diploma.h">
      <Filter>Header Files</Filter>
    </ClInclude>
    <ClInclude Include="..\include\dodrio_berry_picking.h">
      <Filter>Header Files</Filter>
    </ClInclude>
    <ClInclude Include="..\include\dynamic_placeholder_text_util.h">
      <Filter>Header Files</Filter>
    </ClInclude>
    <ClInclude Include="..\include\easy_chat.h">
      <Filter>Header Files</Filter>
    </ClInclude>
    <ClInclude Include="..\include\egg_hatch.h">
      <Filter>Header Files</Filter>
    </ClInclude>
    <ClInclude Include="..\include\ereader_helpers.h">
      <Filter>Header Files</Filter>
    </ClInclude>
    <ClInclude Include="..\include\ereader_screen.h">
      <Filter>Header Files</Filter>
    </ClInclude>
    <ClInclude Include="..\include\event_data.h">
      <Filter>Header Files</Filter>
    </ClInclude>
    <ClInclude Include="..\include\event_object_lock.h">
      <Filter>Header Files</Filter>
    </ClInclude>
    <ClInclude Include="..\include\event_object_movement.h">
      <Filter>Header Files</Filter>
    </ClInclude>
    <ClInclude Include="..\include\event_scripts.h">
      <Filter>Header Files</Filter>
    </ClInclude>
    <ClInclude Include="..\include\evolution_graphics.h">
      <Filter>Header Files</Filter>
    </ClInclude>
    <ClInclude Include="..\include\evolution_scene.h">
      <Filter>Header Files</Filter>
    </ClInclude>
    <ClInclude Include="..\include\faraway_island.h">
      <Filter>Header Files</Filter>
    </ClInclude>
    <ClInclude Include="..\include\field_camera.h">
      <Filter>Header Files</Filter>
    </ClInclude>
    <ClInclude Include="..\include\field_control_avatar.h">
      <Filter>Header Files</Filter>
    </ClInclude>
    <ClInclude Include="..\include\field_door.h">
      <Filter>Header Files</Filter>
    </ClInclude>
    <ClInclude Include="..\include\field_effect.h">
      <Filter>Header Files</Filter>
    </ClInclude>
    <ClInclude Include="..\include\field_effect_helpers.h">
      <Filter>Header Files</Filter>
    </ClInclude>
    <ClInclude Include="..\include\field_message_box.h">
      <Filter>Header Files</Filter>
    </ClInclude>
    <ClInclude Include="..\include\field_player_avatar.h">
      <Filter>Header Files</Filter>
    </ClInclude>
    <ClInclude Include="..\include\field_poison.h">
      <Filter>Header Files</Filter>
    </ClInclude>
    <ClInclude Include="..\include\field_screen_effect.h">
      <Filter>Header Files</Filter>
    </ClInclude>
    <ClInclude Include="..\include\field_special_scene.h">
      <Filter>Header Files</Filter>
    </ClInclude>
    <ClInclude Include="..\include\field_specials.h">
      <Filter>Header Files</Filter>
    </ClInclude>
    <ClInclude Include="..\include\field_tasks.h">
      <Filter>Header Files</Filter>
    </ClInclude>
    <ClInclude Include="..\include\field_weather.h">
      <Filter>Header Files</Filter>
    </ClInclude>
    <ClInclude Include="..\include\fieldmap.h">
      <Filter>Header Files</Filter>
    </ClInclude>
    <ClInclude Include="..\include\fldeff.h">
      <Filter>Header Files</Filter>
    </ClInclude>
    <ClInclude Include="..\include\fldeff_misc.h">
      <Filter>Header Files</Filter>
    </ClInclude>
    <ClInclude Include="..\include\fonts.h">
      <Filter>Header Files</Filter>
    </ClInclude>
    <ClInclude Include="..\include\frontier_pass.h">
      <Filter>Header Files</Filter>
    </ClInclude>
    <ClInclude Include="..\include\frontier_util.h">
      <Filter>Header Files</Filter>
    </ClInclude>
    <ClInclude Include="..\include\global.berry.h">
      <Filter>Header Files</Filter>
    </ClInclude>
    <ClInclude Include="..\include\global.fieldmap.h">
      <Filter>Header Files</Filter>
    </ClInclude>
    <ClInclude Include="..\include\global.h">
      <Filter>Header Files</Filter>
    </ClInclude>
    <ClInclude Include="..\include\global.tv.h">
      <Filter>Header Files</Filter>
    </ClInclude>
    <ClInclude Include="..\include\graphics.h">
      <Filter>Header Files</Filter>
    </ClInclude>
    <ClInclude Include="..\include\gym_leader_rematch.h">
      <Filter>Header Files</Filter>
    </ClInclude>
    <ClInclude Include="..\include\hall_of_fame.h">
      <Filter>Header Files</Filter>
    </ClInclude>
    <ClInclude Include="..\include\heal_location.h">
      <Filter>Header Files</Filter>
    </ClInclude>
    <ClInclude Include="..\include\image_processing_effects.h">
      <Filter>Header Files</Filter>
    </ClInclude>
    <ClInclude Include="..\include\international_string_util.h">
      <Filter>Header Files</Filter>
    </ClInclude>
    <ClInclude Include="..\include\intro.h">
      <Filter>Header Files</Filter>
    </ClInclude>
    <ClInclude Include="..\include\intro_credits_graphics.h">
      <Filter>Header Files</Filter>
    </ClInclude>
    <ClInclude Include="..\include\item.h">
      <Filter>Header Files</Filter>
    </ClInclude>
    <ClInclude Include="..\include\item_icon.h">
      <Filter>Header Files</Filter>
    </ClInclude>
    <ClInclude Include="..\include\item_menu.h">
      <Filter>Header Files</Filter>
    </ClInclude>
    <ClInclude Include="..\include\item_menu_icons.h">
      <Filter>Header Files</Filter>
    </ClInclude>
    <ClInclude Include="..\include\item_use.h">
      <Filter>Header Files</Filter>
    </ClInclude>
    <ClInclude Include="..\include\landmark.h">
      <Filter>Header Files</Filter>
    </ClInclude>
    <ClInclude Include="..\include\libgcnmultiboot.h">
      <Filter>Header Files</Filter>
    </ClInclude>
    <ClInclude Include="..\include\librfu.h">
      <Filter>Header Files</Filter>
    </ClInclude>
    <ClInclude Include="..\include\lilycove_lady.h">
      <Filter>Header Files</Filter>
    </ClInclude>
    <ClInclude Include="..\include\link.h">
      <Filter>Header Files</Filter>
    </ClInclude>
    <ClInclude Include="..\include\link_rfu.h">
      <Filter>Header Files</Filter>
    </ClInclude>
    <ClInclude Include="..\include\list_menu.h">
      <Filter>Header Files</Filter>
    </ClInclude>
    <ClInclude Include="..\include\load_save.h">
      <Filter>Header Files</Filter>
    </ClInclude>
    <ClInclude Include="..\include\lottery_corner.h">
      <Filter>Header Files</Filter>
    </ClInclude>
    <ClInclude Include="..\include\m4a.h">
      <Filter>Header Files</Filter>
    </ClInclude>
    <ClInclude Include="..\include\mail.h">
      <Filter>Header Files</Filter>
    </ClInclude>
    <ClInclude Include="..\include\main.h">
      <Filter>Header Files</Filter>
    </ClInclude>
    <ClInclude Include="..\include\main_menu.h">
      <Filter>Header Files</Filter>
    </ClInclude>
    <ClInclude Include="..\include\map_name_popup.h">
      <Filter>Header Files</Filter>
    </ClInclude>
    <ClInclude Include="..\include\match_call.h">
      <Filter>Header Files</Filter>
    </ClInclude>
    <ClInclude Include="..\include\math_util.h">
      <Filter>Header Files</Filter>
    </ClInclude>
    <ClInclude Include="..\include\mauville_old_man.h">
      <Filter>Header Files</Filter>
    </ClInclude>
    <ClInclude Include="..\include\menu.h">
      <Filter>Header Files</Filter>
    </ClInclude>
    <ClInclude Include="..\include\menu_helpers.h">
      <Filter>Header Files</Filter>
    </ClInclude>
    <ClInclude Include="..\include\menu_specialized.h">
      <Filter>Header Files</Filter>
    </ClInclude>
    <ClInclude Include="..\include\metatile_behavior.h">
      <Filter>Header Files</Filter>
    </ClInclude>
    <ClInclude Include="..\include\mini_printf.h">
      <Filter>Header Files</Filter>
    </ClInclude>
    <ClInclude Include="..\include\minigame_countdown.h">
      <Filter>Header Files</Filter>
    </ClInclude>
    <ClInclude Include="..\include\mirage_tower.h">
      <Filter>Header Files</Filter>
    </ClInclude>
    <ClInclude Include="..\include\mon_markings.h">
      <Filter>Header Files</Filter>
    </ClInclude>
    <ClInclude Include="..\include\money.h">
      <Filter>Header Files</Filter>
    </ClInclude>
    <ClInclude Include="..\include\move_relearner.h">
      <Filter>Header Files</Filter>
    </ClInclude>
    <ClInclude Include="..\include\mp2k_common.h">
      <Filter>Header Files</Filter>
    </ClInclude>
    <ClInclude Include="..\include\multiboot.h">
      <Filter>Header Files</Filter>
    </ClInclude>
    <ClInclude Include="..\include\multiboot_pokemon_colosseum.h">
      <Filter>Header Files</Filter>
    </ClInclude>
    <ClInclude Include="..\include\music_player.h">
      <Filter>Header Files</Filter>
    </ClInclude>
    <ClInclude Include="..\include\mystery_event_menu.h">
      <Filter>Header Files</Filter>
    </ClInclude>
    <ClInclude Include="..\include\mystery_event_msg.h">
      <Filter>Header Files</Filter>
    </ClInclude>
    <ClInclude Include="..\include\mystery_event_script.h">
      <Filter>Header Files</Filter>
    </ClInclude>
    <ClInclude Include="..\include\mystery_gift.h">
      <Filter>Header Files</Filter>
    </ClInclude>
    <ClInclude Include="..\include\mystery_gift_client.h">
      <Filter>Header Files</Filter>
    </ClInclude>
    <ClInclude Include="..\include\mystery_gift_link.h">
      <Filter>Header Files</Filter>
    </ClInclude>
    <ClInclude Include="..\include\mystery_gift_menu.h">
      <Filter>Header Files</Filter>
    </ClInclude>
    <ClInclude Include="..\include\mystery_gift_server.h">
      <Filter>Header Files</Filter>
    </ClInclude>
    <ClInclude Include="..\include\mystery_gift_view.h">
      <Filter>Header Files</Filter>
    </ClInclude>
    <ClInclude Include="..\include\naming_screen.h">
      <Filter>Header Files</Filter>
    </ClInclude>
    <ClInclude Include="..\include\new_game.h">
      <Filter>Header Files</Filter>
    </ClInclude>
    <ClInclude Include="..\include\option_menu.h">
      <Filter>Header Files</Filter>
    </ClInclude>
    <ClInclude Include="..\include\overworld.h">
      <Filter>Header Files</Filter>
    </ClInclude>
    <ClInclude Include="..\include\palette.h">
      <Filter>Header Files</Filter>
    </ClInclude>
    <ClInclude Include="..\include\palette_util.h">
      <Filter>Header Files</Filter>
    </ClInclude>
    <ClInclude Include="..\include\party_menu.h">
      <Filter>Header Files</Filter>
    </ClInclude>
    <ClInclude Include="..\include\pc_screen_effect.h">
      <Filter>Header Files</Filter>
    </ClInclude>
    <ClInclude Include="..\include\platform.h">
      <Filter>Header Files</Filter>
    </ClInclude>
    <ClInclude Include="..\include\play_time.h">
      <Filter>Header Files</Filter>
    </ClInclude>
    <ClInclude Include="..\include\player_pc.h">
      <Filter>Header Files</Filter>
    </ClInclude>
    <ClInclude Include="..\include\pokeball.h">
      <Filter>Header Files</Filter>
    </ClInclude>
    <ClInclude Include="..\include\pokeblock.h">
      <Filter>Header Files</Filter>
    </ClInclude>
    <ClInclude Include="..\include\pokedex.h">
      <Filter>Header Files</Filter>
    </ClInclude>
    <ClInclude Include="..\include\pokedex_area_region_map.h">
      <Filter>Header Files</Filter>
    </ClInclude>
    <ClInclude Include="..\include\pokedex_area_screen.h">
      <Filter>Header Files</Filter>
    </ClInclude>
    <ClInclude Include="..\include\pokedex_cry_screen.h">
      <Filter>Header Files</Filter>
    </ClInclude>
    <ClInclude Include="..\include\pokemon.h">
      <Filter>Header Files</Filter>
    </ClInclude>
    <ClInclude Include="..\include\pokemon_animation.h">
      <Filter>Header Files</Filter>
    </ClInclude>
    <ClInclude Include="..\include\pokemon_icon.h">
      <Filter>Header Files</Filter>
    </ClInclude>
    <ClInclude Include="..\include\pokemon_jump.h">
      <Filter>Header Files</Filter>
    </ClInclude>
    <ClInclude Include="..\include\pokemon_size_record.h">
      <Filter>Header Files</Filter>
    </ClInclude>
    <ClInclude Include="..\include\pokemon_storage_system.h">
      <Filter>Header Files</Filter>
    </ClInclude>
    <ClInclude Include="..\include\pokemon_summary_screen.h">
      <Filter>Header Files</Filter>
    </ClInclude>
    <ClInclude Include="..\include\pokenav.h">
      <Filter>Header Files</Filter>
    </ClInclude>
    <ClInclude Include="..\include\random.h">
      <Filter>Header Files</Filter>
    </ClInclude>
    <ClInclude Include="..\include\rayquaza_scene.h">
      <Filter>Header Files</Filter>
    </ClInclude>
    <ClInclude Include="..\include\record_mixing.h">
      <Filter>Header Files</Filter>
    </ClInclude>
    <ClInclude Include="..\include\recorded_battle.h">
      <Filter>Header Files</Filter>
    </ClInclude>
    <ClInclude Include="..\include\region_map.h">
      <Filter>Header Files</Filter>
    </ClInclude>
    <ClInclude Include="..\include\reload_save.h">
      <Filter>Header Files</Filter>
    </ClInclude>
    <ClInclude Include="..\include\reset_rtc_screen.h">
      <Filter>Header Files</Filter>
    </ClInclude>
    <ClInclude Include="..\include\reshow_battle_screen.h">
      <Filter>Header Files</Filter>
    </ClInclude>
    <ClInclude Include="..\include\roamer.h">
      <Filter>Header Files</Filter>
    </ClInclude>
    <ClInclude Include="..\include\rotating_gate.h">
      <Filter>Header Files</Filter>
    </ClInclude>
    <ClInclude Include="..\include\rotating_tile_puzzle.h">
      <Filter>Header Files</Filter>
    </ClInclude>
    <ClInclude Include="..\include\roulette.h">
      <Filter>Header Files</Filter>
    </ClInclude>
    <ClInclude Include="..\include\rtc.h">
      <Filter>Header Files</Filter>
    </ClInclude>
    <ClInclude Include="..\include\safari_zone.h">
      <Filter>Header Files</Filter>
    </ClInclude>
    <ClInclude Include="..\include\save.h">
      <Filter>Header Files</Filter>
    </ClInclude>
    <ClInclude Include="..\include\save_location.h">
      <Filter>Header Files</Filter>
    </ClInclude>
    <ClInclude Include="..\include\scanline_effect.h">
      <Filter>Header Files</Filter>
    </ClInclude>
    <ClInclude Include="..\include\script.h">
      <Filter>Header Files</Filter>
    </ClInclude>
    <ClInclude Include="..\include\script_menu.h">
      <Filter>Header Files</Filter>
    </ClInclude>
    <ClInclude Include="..\include\script_movement.h">
      <Filter>Header Files</Filter>
    </ClInclude>
    <ClInclude Include="..\include\script_pokemon_util.h">
      <Filter>Header Files</Filter>
    </ClInclude>
    <ClInclude Include="..\include\secret_base.h">
      <Filter>Header Files</Filter>
    </ClInclude>
    <ClInclude Include="..\include\shop.h">
      <Filter>Header Files</Filter>
    </ClInclude>
    <ClInclude Include="..\include\siirtc.h">
      <Filter>Header Files</Filter>
    </ClInclude>
    <ClInclude Include="..\include\slot_machine.h">
      <Filter>Header Files</Filter>
    </ClInclude>
    <ClInclude Include="..\include\sound.h">
      <Filter>Header Files</Filter>
    </ClInclude>
    <ClInclude Include="..\include\sound_mixer.h">
      <Filter>Header Files</Filter>
    </ClInclude>
    <ClInclude Include="..\include\start_menu.h">
      <Filter>Header Files</Filter>
    </ClInclude>
    <ClInclude Include="..\include\starter_choose.h">
      <Filter>Header Files</Filter>
    </ClInclude>
    <ClInclude Include="..\include\strings.h">
      <Filter>Header Files</Filter>
    </ClInclude>
    <ClInclude Include="..\include\task.h">
      <Filter>Header Files</Filter>
    </ClInclude>
    <ClInclude Include="..\include\text_window.h">
      <Filter>Header Files</Filter>
    </ClInclude>
    <ClInclude Include="..\include\tileset_anims.h">
      <Filter>Header Files</Filter>
    </ClInclude>
    <ClInclude Include="..\include\tilesets.h">
      <Filter>Header Files</Filter>
    </ClInclude>
    <ClInclude Include="..\include\time_events.h">
      <Filter>Header Files</Filter>
    </ClInclude>
    <ClInclude Include="..\include\title_screen.h">
      <Filter>Header Files</Filter>
    </ClInclude>
    <ClInclude Include="..\include\trade.h">
      <Filter>Header Files</Filter>
    </ClInclude>
    <ClInclude Include="..\include\trader.h">
      <Filter>Header Files</Filter>
    </ClInclude>
    <ClInclude Include="..\include\trainer_card.h">
      <Filter>Header Files</Filter>
    </ClInclude>
    <ClInclude Include="..\include\trainer_hill.h">
      <Filter>Header Files</Filter>
    </ClInclude>
    <ClInclude Include="..\include\trainer_pokemon_sprites.h">
      <Filter>Header Files</Filter>
    </ClInclude>
    <ClInclude Include="..\include\trainer_see.h">
      <Filter>Header Files</Filter>
    </ClInclude>
    <ClInclude Include="..\include\trig.h">
      <Filter>Header Files</Filter>
    </ClInclude>
    <ClInclude Include="..\include\tv.h">
      <Filter>Header Files</Filter>
    </ClInclude>
    <ClInclude Include="..\include\union_room.h">
      <Filter>Header Files</Filter>
    </ClInclude>
    <ClInclude Include="..\include\union_room_battle.h">
      <Filter>Header Files</Filter>
    </ClInclude>
    <ClInclude Include="..\include\union_room_chat.h">
      <Filter>Header Files</Filter>
    </ClInclude>
    <ClInclude Include="..\include\union_room_player_avatar.h">
      <Filter>Header Files</Filter>
    </ClInclude>
    <ClInclude Include="..\include\util.h">
      <Filter>Header Files</Filter>
    </ClInclude>
    <ClInclude Include="..\include\walda_phrase.h">
      <Filter>Header Files</Filter>
    </ClInclude>
    <ClInclude Include="..\include\wallclock.h">
      <Filter>Header Files</Filter>
    </ClInclude>
    <ClInclude Include="..\include\wild_encounter.h">
      <Filter>Header Files</Filter>
    </ClInclude>
    <ClInclude Include="..\include\wonder_news.h">
      <Filter>Header Files</Filter>
    </ClInclude>
    <ClInclude Include="..\src\data\battle_anim.h">
      <Filter>Source Files\Data</Filter>
    </ClInclude>
    <ClInclude Include="..\src\data\battle_moves.h">
      <Filter>Source Files\Data</Filter>
    </ClInclude>
    <ClInclude Include="..\src\data\contest_moves.h">
      <Filter>Source Files\Data</Filter>
    </ClInclude>
    <ClInclude Include="..\src\data\contest_opponents.h">
      <Filter>Source Files\Data</Filter>
    </ClInclude>
    <ClInclude Include="..\src\data\contest_text_tables.h">
      <Filter>Source Files\Data</Filter>
    </ClInclude>
    <ClInclude Include="..\src\data\credits.h">
      <Filter>Source Files\Data</Filter>
    </ClInclude>
    <ClInclude Include="..\src\data\heal_locations.h">
      <Filter>Source Files\Data</Filter>
    </ClInclude>
    <ClInclude Include="..\src\data\item_icon_table.h">
      <Filter>Source Files\Data</Filter>
    </ClInclude>
    <ClInclude Include="..\src\data\items.h">
      <Filter>Source Files\Data</Filter>
    </ClInclude>
    <ClInclude Include="..\src\data\lilycove_lady.h">
      <Filter>Source Files\Data</Filter>
    </ClInclude>
    <ClInclude Include="..\src\data\party_menu.h">
      <Filter>Source Files\Data</Filter>
    </ClInclude>
    <ClInclude Include="..\src\data\pointillism_points.h">
      <Filter>Source Files\Data</Filter>
    </ClInclude>
    <ClInclude Include="..\src\data\pokedex_area_glow.h">
      <Filter>Source Files\Data</Filter>
    </ClInclude>
    <ClInclude Include="..\src\data\script_menu.h">
      <Filter>Source Files\Data</Filter>
    </ClInclude>
    <ClInclude Include="..\src\data\trade.h">
      <Filter>Source Files\Data</Filter>
    </ClInclude>
    <ClInclude Include="..\src\data\trainer_parties.h">
      <Filter>Source Files\Data</Filter>
    </ClInclude>
    <ClInclude Include="..\src\data\trainers.h">
      <Filter>Source Files\Data</Filter>
    </ClInclude>
    <ClInclude Include="..\src\data\union_room.h">
      <Filter>Source Files\Data</Filter>
    </ClInclude>
    <ClInclude Include="..\src\data\wallpapers.h">
      <Filter>Source Files\Data</Filter>
    </ClInclude>
    <ClInclude Include="..\gflib\bg.h">
      <Filter>GFLib</Filter>
    </ClInclude>
    <ClInclude Include="..\gflib\blit.h">
      <Filter>GFLib</Filter>
    </ClInclude>
    <ClInclude Include="..\gflib\characters.h">
      <Filter>GFLib</Filter>
    </ClInclude>
    <ClInclude Include="..\gflib\dma3.h">
      <Filter>GFLib</Filter>
    </ClInclude>
    <ClInclude Include="..\gflib\gpu_regs.h">
      <Filter>GFLib</Filter>
    </ClInclude>
    <ClInclude Include="..\gflib\io_reg.h">
      <Filter>GFLib</Filter>
    </ClInclude>
    <ClInclude Include="..\gflib\malloc.h">
      <Filter>GFLib</Filter>
    </ClInclude>
    <ClInclude Include="..\gflib\sprite.h">
      <Filter>GFLib</Filter>
    </ClInclude>
    <ClInclude Include="..\gflib\string_util.h">
      <Filter>GFLib</Filter>
    </ClInclude>
    <ClInclude Include="..\gflib\text.h">
      <Filter>GFLib</Filter>
    </ClInclude>
    <ClInclude Include="..\gflib\window.h">
      <Filter>GFLib</Filter>
    </ClInclude>
  </ItemGroup>
  <ItemGroup>
    <None Include="..\src\data\wild_encounters.json">
      <Filter>Source Files\Data</Filter>
    </None>
    <None Include="..\src\crt0.s">
      <Filter>Source Files</Filter>
    </None>
    <None Include="..\src\libgcnmultiboot.s">
      <Filter>Source Files</Filter>
    </None>
    <None Include="..\src\m4a_1.s">
      <Filter>Source Files</Filter>
    </None>
    <None Include="..\src\rom_header.s">
      <Filter>Source Files</Filter>
    </None>
  </ItemGroup>
  <ItemGroup>
    <Text Include="..\src\data\wild_encounters.json.txt">
      <Filter>Source Files\Data</Filter>
    </Text>
  </ItemGroup>
</Project>